
Microsoft Visual Studio Solution File, Format Version 12.00
# Visual Studio Version 16
VisualStudioVersion = 16.0.30611.23
MinimumVisualStudioVersion = 10.0.40219.1
Project("{2150E333-8FDC-42A3-9474-1A3956D46DE8}") = "Library", "Library", "{282AA81B-54E6-4CCE-A0EF-D5B4740BD0F2}"
EndProject
Project("{2150E333-8FDC-42A3-9474-1A3956D46DE8}") = "Presentation", "Presentation", "{E2C69C68-7DBE-4985-B397-04C48161BF05}"
EndProject
Project("{FAE04EC0-301F-11D3-BF4B-00C04F79EFBC}") = "GestDepLibrary", "ClassLibrary\GestDepLibrary.csproj", "{2596A5DC-66BA-4867-A5BF-7A8C7E8671AE}"
EndProject
Project("{2150E333-8FDC-42A3-9474-1A3956D46DE8}") = "Testing", "Testing", "{48481AD8-EF95-40D5-98AD-AE447431771B}"
EndProject
Project("{2150E333-8FDC-42A3-9474-1A3956D46DE8}") = "Lab1", "Lab1", "{B6AABEBA-C0D1-4F8B-AD28-55A5BA2D2B65}"
EndProject
Project("{FAE04EC0-301F-11D3-BF4B-00C04F79EFBC}") = "HelloWordApp", "HelloWordApp\HelloWordApp.csproj", "{D5B00D4A-5922-4FAB-9D9C-E15BBFA3EB31}"
EndProject
Project("{2150E333-8FDC-42A3-9474-1A3956D46DE8}") = "Lab2", "Lab2", "{E093C768-8127-42CD-9ADB-4466018A5798}"
EndProject
Project("{FAE04EC0-301F-11D3-BF4B-00C04F79EFBC}") = "Proves", "ConsoleApp1\Proves.csproj", "{24112D09-A89C-4A6B-8FBA-9F4809EEFD90}"
EndProject
Project("{FAE04EC0-301F-11D3-BF4B-00C04F79EFBC}") = "GestDepLogicDesignTest", "GestDepLogicDesignTest\GestDepLogicDesignTest.csproj", "{F7ECAC5F-E09F-48B6-8932-82F453D80467}"
EndProject
Project("{2150E333-8FDC-42A3-9474-1A3956D46DE8}") = "Lab4", "Lab4", "{8CFB53E0-9045-4F79-A889-0B961280E76D}"
EndProject
Project("{FAE04EC0-301F-11D3-BF4B-00C04F79EFBC}") = "DBTest", "DBTest\DBTest.csproj", "{D3A210D6-DC3B-447E-B40A-3EDEDA4F9B59}"
EndProject
Project("{FAE04EC0-301F-11D3-BF4B-00C04F79EFBC}") = "GestDepLogicPersistenceTest", "GestDepLogicPersistenceTest\GestDepLogicPersistenceTest.csproj", "{9F2A268D-5C5D-46B9-98FA-EC12DC63CA3D}"
EndProject
Project("{FAE04EC0-301F-11D3-BF4B-00C04F79EFBC}") = "GestDepServicesTest", "GestDepServicesTest\GestDepServicesTest.csproj", "{946260DF-7560-4A4D-B039-CCAAD05452E5}"
EndProject
Project("{FAE04EC0-301F-11D3-BF4B-00C04F79EFBC}") = "GestDepGUI", "GestDepGUI\GestDepGUI.csproj", "{E2E3CDFB-C700-4888-8EFF-9821B39002ED}"
EndProject
Global
	GlobalSection(SolutionConfigurationPlatforms) = preSolution
		Debug|Any CPU = Debug|Any CPU
		Debug|x86 = Debug|x86
		Release|Any CPU = Release|Any CPU
		Release|x86 = Release|x86
	EndGlobalSection
	GlobalSection(ProjectConfigurationPlatforms) = postSolution
		{2596A5DC-66BA-4867-A5BF-7A8C7E8671AE}.Debug|Any CPU.ActiveCfg = Debug|Any CPU
		{2596A5DC-66BA-4867-A5BF-7A8C7E8671AE}.Debug|Any CPU.Build.0 = Debug|Any CPU
		{2596A5DC-66BA-4867-A5BF-7A8C7E8671AE}.Debug|x86.ActiveCfg = Debug|x86
		{2596A5DC-66BA-4867-A5BF-7A8C7E8671AE}.Debug|x86.Build.0 = Debug|x86
		{2596A5DC-66BA-4867-A5BF-7A8C7E8671AE}.Release|Any CPU.ActiveCfg = Release|Any CPU
		{2596A5DC-66BA-4867-A5BF-7A8C7E8671AE}.Release|Any CPU.Build.0 = Release|Any CPU
		{2596A5DC-66BA-4867-A5BF-7A8C7E8671AE}.Release|x86.ActiveCfg = Release|Any CPU
		{2596A5DC-66BA-4867-A5BF-7A8C7E8671AE}.Release|x86.Build.0 = Release|Any CPU
		{D5B00D4A-5922-4FAB-9D9C-E15BBFA3EB31}.Debug|Any CPU.ActiveCfg = Debug|Any CPU
		{D5B00D4A-5922-4FAB-9D9C-E15BBFA3EB31}.Debug|Any CPU.Build.0 = Debug|Any CPU
		{D5B00D4A-5922-4FAB-9D9C-E15BBFA3EB31}.Debug|x86.ActiveCfg = Debug|x86
		{D5B00D4A-5922-4FAB-9D9C-E15BBFA3EB31}.Debug|x86.Build.0 = Debug|x86
		{D5B00D4A-5922-4FAB-9D9C-E15BBFA3EB31}.Release|Any CPU.ActiveCfg = Release|Any CPU
		{D5B00D4A-5922-4FAB-9D9C-E15BBFA3EB31}.Release|Any CPU.Build.0 = Release|Any CPU
		{D5B00D4A-5922-4FAB-9D9C-E15BBFA3EB31}.Release|x86.ActiveCfg = Release|Any CPU
		{D5B00D4A-5922-4FAB-9D9C-E15BBFA3EB31}.Release|x86.Build.0 = Release|Any CPU
		{24112D09-A89C-4A6B-8FBA-9F4809EEFD90}.Debug|Any CPU.ActiveCfg = Debug|Any CPU
		{24112D09-A89C-4A6B-8FBA-9F4809EEFD90}.Debug|Any CPU.Build.0 = Debug|Any CPU
		{24112D09-A89C-4A6B-8FBA-9F4809EEFD90}.Debug|x86.ActiveCfg = Debug|x86
		{24112D09-A89C-4A6B-8FBA-9F4809EEFD90}.Debug|x86.Build.0 = Debug|x86
		{24112D09-A89C-4A6B-8FBA-9F4809EEFD90}.Release|Any CPU.ActiveCfg = Release|Any CPU
		{24112D09-A89C-4A6B-8FBA-9F4809EEFD90}.Release|Any CPU.Build.0 = Release|Any CPU
		{24112D09-A89C-4A6B-8FBA-9F4809EEFD90}.Release|x86.ActiveCfg = Release|Any CPU
		{24112D09-A89C-4A6B-8FBA-9F4809EEFD90}.Release|x86.Build.0 = Release|Any CPU
		{F7ECAC5F-E09F-48B6-8932-82F453D80467}.Debug|Any CPU.ActiveCfg = Debug|Any CPU
		{F7ECAC5F-E09F-48B6-8932-82F453D80467}.Debug|Any CPU.Build.0 = Debug|Any CPU
		{F7ECAC5F-E09F-48B6-8932-82F453D80467}.Debug|x86.ActiveCfg = Debug|x86
		{F7ECAC5F-E09F-48B6-8932-82F453D80467}.Debug|x86.Build.0 = Debug|x86
		{F7ECAC5F-E09F-48B6-8932-82F453D80467}.Release|Any CPU.ActiveCfg = Release|Any CPU
		{F7ECAC5F-E09F-48B6-8932-82F453D80467}.Release|Any CPU.Build.0 = Release|Any CPU
		{F7ECAC5F-E09F-48B6-8932-82F453D80467}.Release|x86.ActiveCfg = Release|Any CPU
		{F7ECAC5F-E09F-48B6-8932-82F453D80467}.Release|x86.Build.0 = Release|Any CPU
		{D3A210D6-DC3B-447E-B40A-3EDEDA4F9B59}.Debug|Any CPU.ActiveCfg = Debug|Any CPU
		{D3A210D6-DC3B-447E-B40A-3EDEDA4F9B59}.Debug|Any CPU.Build.0 = Debug|Any CPU
		{D3A210D6-DC3B-447E-B40A-3EDEDA4F9B59}.Debug|x86.ActiveCfg = Debug|x86
		{D3A210D6-DC3B-447E-B40A-3EDEDA4F9B59}.Debug|x86.Build.0 = Debug|x86
		{D3A210D6-DC3B-447E-B40A-3EDEDA4F9B59}.Release|Any CPU.ActiveCfg = Release|Any CPU
		{D3A210D6-DC3B-447E-B40A-3EDEDA4F9B59}.Release|Any CPU.Build.0 = Release|Any CPU
		{D3A210D6-DC3B-447E-B40A-3EDEDA4F9B59}.Release|x86.ActiveCfg = Release|x86
		{D3A210D6-DC3B-447E-B40A-3EDEDA4F9B59}.Release|x86.Build.0 = Release|x86
		{9F2A268D-5C5D-46B9-98FA-EC12DC63CA3D}.Debug|Any CPU.ActiveCfg = Debug|Any CPU
		{9F2A268D-5C5D-46B9-98FA-EC12DC63CA3D}.Debug|Any CPU.Build.0 = Debug|Any CPU
		{9F2A268D-5C5D-46B9-98FA-EC12DC63CA3D}.Debug|x86.ActiveCfg = Debug|x86
		{9F2A268D-5C5D-46B9-98FA-EC12DC63CA3D}.Debug|x86.Build.0 = Debug|x86
		{9F2A268D-5C5D-46B9-98FA-EC12DC63CA3D}.Release|Any CPU.ActiveCfg = Release|Any CPU
		{9F2A268D-5C5D-46B9-98FA-EC12DC63CA3D}.Release|Any CPU.Build.0 = Release|Any CPU
		{9F2A268D-5C5D-46B9-98FA-EC12DC63CA3D}.Release|x86.ActiveCfg = Release|Any CPU
		{9F2A268D-5C5D-46B9-98FA-EC12DC63CA3D}.Release|x86.Build.0 = Release|Any CPU
		{946260DF-7560-4A4D-B039-CCAAD05452E5}.Debug|Any CPU.ActiveCfg = Debug|Any CPU
		{946260DF-7560-4A4D-B039-CCAAD05452E5}.Debug|Any CPU.Build.0 = Debug|Any CPU
		{946260DF-7560-4A4D-B039-CCAAD05452E5}.Debug|x86.ActiveCfg = Debug|x86
		{946260DF-7560-4A4D-B039-CCAAD05452E5}.Debug|x86.Build.0 = Debug|x86
		{946260DF-7560-4A4D-B039-CCAAD05452E5}.Release|Any CPU.ActiveCfg = Release|Any CPU
		{946260DF-7560-4A4D-B039-CCAAD05452E5}.Release|Any CPU.Build.0 = Release|Any CPU
		{946260DF-7560-4A4D-B039-CCAAD05452E5}.Release|x86.ActiveCfg = Release|Any CPU
		{946260DF-7560-4A4D-B039-CCAAD05452E5}.Release|x86.Build.0 = Release|Any CPU
		{E2E3CDFB-C700-4888-8EFF-9821B39002ED}.Debug|Any CPU.ActiveCfg = Debug|Any CPU
		{E2E3CDFB-C700-4888-8EFF-9821B39002ED}.Debug|Any CPU.Build.0 = Debug|Any CPU
		{E2E3CDFB-C700-4888-8EFF-9821B39002ED}.Debug|x86.ActiveCfg = Debug|x86
		{E2E3CDFB-C700-4888-8EFF-9821B39002ED}.Debug|x86.Build.0 = Debug|x86
		{E2E3CDFB-C700-4888-8EFF-9821B39002ED}.Release|Any CPU.ActiveCfg = Release|Any CPU
		{E2E3CDFB-C700-4888-8EFF-9821B39002ED}.Release|Any CPU.Build.0 = Release|Any CPU
		{E2E3CDFB-C700-4888-8EFF-9821B39002ED}.Release|x86.ActiveCfg = Release|Any CPU
		{E2E3CDFB-C700-4888-8EFF-9821B39002ED}.Release|x86.Build.0 = Release|Any CPU
	EndGlobalSection
	GlobalSection(SolutionProperties) = preSolution
		HideSolutionNode = FALSE
	EndGlobalSection
	GlobalSection(NestedProjects) = preSolution
		{2596A5DC-66BA-4867-A5BF-7A8C7E8671AE} = {282AA81B-54E6-4CCE-A0EF-D5B4740BD0F2}
		{B6AABEBA-C0D1-4F8B-AD28-55A5BA2D2B65} = {48481AD8-EF95-40D5-98AD-AE447431771B}
		{D5B00D4A-5922-4FAB-9D9C-E15BBFA3EB31} = {B6AABEBA-C0D1-4F8B-AD28-55A5BA2D2B65}
		{E093C768-8127-42CD-9ADB-4466018A5798} = {48481AD8-EF95-40D5-98AD-AE447431771B}
		{24112D09-A89C-4A6B-8FBA-9F4809EEFD90} = {E093C768-8127-42CD-9ADB-4466018A5798}
		{F7ECAC5F-E09F-48B6-8932-82F453D80467} = {48481AD8-EF95-40D5-98AD-AE447431771B}
		{8CFB53E0-9045-4F79-A889-0B961280E76D} = {48481AD8-EF95-40D5-98AD-AE447431771B}
		{D3A210D6-DC3B-447E-B40A-3EDEDA4F9B59} = {8CFB53E0-9045-4F79-A889-0B961280E76D}
		{9F2A268D-5C5D-46B9-98FA-EC12DC63CA3D} = {48481AD8-EF95-40D5-98AD-AE447431771B}
		{946260DF-7560-4A4D-B039-CCAAD05452E5} = {48481AD8-EF95-40D5-98AD-AE447431771B}
		{E2E3CDFB-C700-4888-8EFF-9821B39002ED} = {E2C69C68-7DBE-4985-B397-04C48161BF05}
	EndGlobalSection
	GlobalSection(ExtensibilityGlobals) = postSolution
		SolutionGuid = {DF418590-7FE3-41FE-950C-5C24759A3901}
	EndGlobalSection
EndGlobal
